
Microsoft Visual Studio Solution File, Format Version 12.00
# Visual Studio 15
Project("{FAE04EC0-301F-11D3-BF4B-00C04F79EFBC}") = "Assembly-CSharp", "Assembly-CSharp.csproj", "{125B9D1D-68EA-7882-EBE4-DFB6B894D939}"
EndProject
Global
	GlobalSection(SolutionConfigurationPlatforms) = preSolution
		Debug|Any CPU = Debug|Any CPU
		Release|Any CPU = Release|Any CPU
	EndGlobalSection
	GlobalSection(ProjectConfigurationPlatforms) = postSolution
		{125B9D1D-68EA-7882-EBE4-DFB6B894D939}.Debug|Any CPU.ActiveCfg = Debug|Any CPU
		{125B9D1D-68EA-7882-EBE4-DFB6B894D939}.Debug|Any CPU.Build.0 = Debug|Any CPU
		{125B9D1D-68EA-7882-EBE4-DFB6B894D939}.Release|Any CPU.ActiveCfg = Release|Any CPU
		{125B9D1D-68EA-7882-EBE4-DFB6B894D939}.Release|Any CPU.Build.0 = Release|Any CPU
	EndGlobalSection
	GlobalSection(SolutionProperties) = preSolution
		HideSolutionNode = FALSE
	EndGlobalSection
EndGlobal
